// !$*UTF8*$!
{
	archiveVersion = 1;
	classes = {
	};
	objectVersion = 52;
	objects = {

/* Begin PBXBuildFile section */
		BC213EDD26886FCA0075018C /* SearchNewsView.swift in Sources */ = {isa = PBXBuildFile; fileRef = BC213EDC26886FCA0075018C /* SearchNewsView.swift */; };
		BC2C00302684E53F0036A554 /* SDWebImageSwiftUI in Frameworks */ = {isa = PBXBuildFile; productRef = BC2C002F2684E53F0036A554 /* SDWebImageSwiftUI */; };
		BC2C0032268517A10036A554 /* HeadLineDetailView.swift in Sources */ = {isa = PBXBuildFile; fileRef = BC2C0031268517A10036A554 /* HeadLineDetailView.swift */; };
		BC3EA64326888C8000283B65 /* SearchBarView.swift in Sources */ = {isa = PBXBuildFile; fileRef = BC3EA64226888C8000283B65 /* SearchBarView.swift */; };
		BC5A5DE72684B1ED003BAC7C /* SamacharApp.swift in Sources */ = {isa = PBXBuildFile; fileRef = BC5A5DE62684B1ED003BAC7C /* SamacharApp.swift */; };
		BC5A5DEB2684B1EE003BAC7C /* Assets.xcassets in Resources */ = {isa = PBXBuildFile; fileRef = BC5A5DEA2684B1EE003BAC7C /* Assets.xcassets */; };
		BC5A5DEE2684B1EE003BAC7C /* Preview Assets.xcassets in Resources */ = {isa = PBXBuildFile; fileRef = BC5A5DED2684B1EE003BAC7C /* Preview Assets.xcassets */; };
		BC5A5DF62684B216003BAC7C /* HeadlineView.swift in Sources */ = {isa = PBXBuildFile; fileRef = BC5A5DF52684B216003BAC7C /* HeadlineView.swift */; };
		BC5A5DF82684B2FF003BAC7C /* ViewModel.swift in Sources */ = {isa = PBXBuildFile; fileRef = BC5A5DF72684B2FE003BAC7C /* ViewModel.swift */; };
		BCDA3AB126864BEF00E6C052 /* ContentView.swift in Sources */ = {isa = PBXBuildFile; fileRef = BCDA3AB026864BEF00E6C052 /* ContentView.swift */; };
/* End PBXBuildFile section */

/* Begin PBXFileReference section */
		BC213EDC26886FCA0075018C /* SearchNewsView.swift */ = {isa = PBXFileReference; lastKnownFileType = sourcecode.swift; path = SearchNewsView.swift; sourceTree = "<group>"; };
		BC2C0031268517A10036A554 /* HeadLineDetailView.swift */ = {isa = PBXFileReference; lastKnownFileType = sourcecode.swift; path = HeadLineDetailView.swift; sourceTree = "<group>"; };
		BC3EA64226888C8000283B65 /* SearchBarView.swift */ = {isa = PBXFileReference; fileEncoding = 4; lastKnownFileType = sourcecode.swift; path = SearchBarView.swift; sourceTree = "<group>"; };
		BC5A5DE32684B1ED003BAC7C /* Samachar.app */ = {isa = PBXFileReference; explicitFileType = wrapper.application; includeInIndex = 0; path = Samachar.app; sourceTree = BUILT_PRODUCTS_DIR; };
		BC5A5DE62684B1ED003BAC7C /* SamacharApp.swift */ = {isa = PBXFileReference; lastKnownFileType = sourcecode.swift; path = SamacharApp.swift; sourceTree = "<group>"; };
		BC5A5DEA2684B1EE003BAC7C /* Assets.xcassets */ = {isa = PBXFileReference; lastKnownFileType = folder.assetcatalog; path = Assets.xcassets; sourceTree = "<group>"; };
		BC5A5DED2684B1EE003BAC7C /* Preview Assets.xcassets */ = {isa = PBXFileReference; lastKnownFileType = folder.assetcatalog; path = "Preview Assets.xcassets"; sourceTree = "<group>"; };
		BC5A5DEF2684B1EE003BAC7C /* Info.plist */ = {isa = PBXFileReference; lastKnownFileType = text.plist.xml; path = Info.plist; sourceTree = "<group>"; };
		BC5A5DF52684B216003BAC7C /* HeadlineView.swift */ = {isa = PBXFileReference; lastKnownFileType = sourcecode.swift; path = HeadlineView.swift; sourceTree = "<group>"; };
		BC5A5DF72684B2FE003BAC7C /* ViewModel.swift */ = {isa = PBXFileReference; lastKnownFileType = sourcecode.swift; path = ViewModel.swift; sourceTree = "<group>"; };
		BCDA3AB026864BEF00E6C052 /* ContentView.swift */ = {isa = PBXFileReference; fileEncoding = 4; lastKnownFileType = sourcecode.swift; path = ContentView.swift; sourceTree = "<group>"; };
/* End PBXFileReference section */

/* Begin PBXFrameworksBuildPhase section */
		BC5A5DE02684B1ED003BAC7C /* Frameworks */ = {
			isa = PBXFrameworksBuildPhase;
			buildActionMask = 2147483647;
			files = (
				BC2C00302684E53F0036A554 /* SDWebImageSwiftUI in Frameworks */,
			);
			runOnlyForDeploymentPostprocessing = 0;
		};
/* End PBXFrameworksBuildPhase section */

/* Begin PBXGroup section */
		BC5A5DDA2684B1ED003BAC7C = {
			isa = PBXGroup;
			children = (
				BC5A5DE52684B1ED003BAC7C /* Samachar */,
				BC5A5DE42684B1ED003BAC7C /* Products */,
			);
			sourceTree = "<group>";
		};
		BC5A5DE42684B1ED003BAC7C /* Products */ = {
			isa = PBXGroup;
			children = (
				BC5A5DE32684B1ED003BAC7C /* Samachar.app */,
			);
			name = Products;
			sourceTree = "<group>";
		};
		BC5A5DE52684B1ED003BAC7C /* Samachar */ = {
			isa = PBXGroup;
			children = (
				BC5A5DE62684B1ED003BAC7C /* SamacharApp.swift */,
				BC5A5DF52684B216003BAC7C /* HeadlineView.swift */,
				BC213EDC26886FCA0075018C /* SearchNewsView.swift */,
				BCDA3AB026864BEF00E6C052 /* ContentView.swift */,
				BC2C0031268517A10036A554 /* HeadLineDetailView.swift */,
				BC5A5DF72684B2FE003BAC7C /* ViewModel.swift */,
				BC5A5DEA2684B1EE003BAC7C /* Assets.xcassets */,
				BC3EA64226888C8000283B65 /* SearchBarView.swift */,
				BC5A5DEF2684B1EE003BAC7C /* Info.plist */,
				BC5A5DEC2684B1EE003BAC7C /* Preview Content */,
			);
			path = Samachar;
			sourceTree = "<group>";
		};
		BC5A5DEC2684B1EE003BAC7C /* Preview Content */ = {
			isa = PBXGroup;
			children = (
				BC5A5DED2684B1EE003BAC7C /* Preview Assets.xcassets */,
			);
			path = "Preview Content";
			sourceTree = "<group>";
		};
/* End PBXGroup section */

/* Begin PBXNativeTarget section */
		BC5A5DE22684B1ED003BAC7C /* Samachar */ = {
			isa = PBXNativeTarget;
			buildConfigurationList = BC5A5DF22684B1EE003BAC7C /* Build configuration list for PBXNativeTarget "Samachar" */;
			buildPhases = (
				BC5A5DDF2684B1ED003BAC7C /* Sources */,
				BC5A5DE02684B1ED003BAC7C /* Frameworks */,
				BC5A5DE12684B1ED003BAC7C /* Resources */,
			);
			buildRules = (
			);
			dependencies = (
			);
			name = Samachar;
			packageProductDependencies = (
				BC2C002F2684E53F0036A554 /* SDWebImageSwiftUI */,
			);
			productName = Samachar;
			productReference = BC5A5DE32684B1ED003BAC7C /* Samachar.app */;
			productType = "com.apple.product-type.application";
		};
/* End PBXNativeTarget section */

/* Begin PBXProject section */
		BC5A5DDB2684B1ED003BAC7C /* Project object */ = {
			isa = PBXProject;
			attributes = {
				LastSwiftUpdateCheck = 1250;
				LastUpgradeCheck = 1250;
				TargetAttributes = {
					BC5A5DE22684B1ED003BAC7C = {
						CreatedOnToolsVersion = 12.5.1;
					};
				};
			};
			buildConfigurationList = BC5A5DDE2684B1ED003BAC7C /* Build configuration list for PBXProject "Samachar" */;
			compatibilityVersion = "Xcode 9.3";
			developmentRegion = en;
			hasScannedForEncodings = 0;
			knownRegions = (
				en,
				Base,
			);
			mainGroup = BC5A5DDA2684B1ED003BAC7C;
			packageReferences = (
				BC2C002E2684E53F0036A554 /* XCRemoteSwiftPackageReference "SDWebImageSwiftUI" */,
			);
			productRefGroup = BC5A5DE42684B1ED003BAC7C /* Products */;
			projectDirPath = "";
			projectRoot = "";
			targets = (
				BC5A5DE22684B1ED003BAC7C /* Samachar */,
			);
		};
/* End PBXProject section */

/* Begin PBXResourcesBuildPhase section */
		BC5A5DE12684B1ED003BAC7C /* Resources */ = {
			isa = PBXResourcesBuildPhase;
			buildActionMask = 2147483647;
			files = (
				BC5A5DEE2684B1EE003BAC7C /* Preview Assets.xcassets in Resources */,
				BC5A5DEB2684B1EE003BAC7C /* Assets.xcassets in Resources */,
			);
			runOnlyForDeploymentPostprocessing = 0;
		};
/* End PBXResourcesBuildPhase section */

/* Begin PBXSourcesBuildPhase section */
		BC5A5DDF2684B1ED003BAC7C /* Sources */ = {
			isa = PBXSourcesBuildPhase;
			buildActionMask = 2147483647;
			files = (
				BC2C0032268517A10036A554 /* HeadLineDetailView.swift in Sources */,
				BC213EDD26886FCA0075018C /* SearchNewsView.swift in Sources */,
				BCDA3AB126864BEF00E6C052 /* ContentView.swift in Sources */,
				BC3EA64326888C8000283B65 /* SearchBarView.swift in Sources */,
				BC5A5DE72684B1ED003BAC7C /* SamacharApp.swift in Sources */,
				BC5A5DF82684B2FF003BAC7C /* ViewModel.swift in Sources */,
				BC5A5DF62684B216003BAC7C /* HeadlineView.swift in Sources */,
			);
			runOnlyForDeploymentPostprocessing = 0;
		};
/* End PBXSourcesBuildPhase section */

/* Begin XCBuildConfiguration section */
		BC5A5DF02684B1EE003BAC7C /* Debug */ = {
			isa = XCBuildConfiguration;
			buildSettings = {
				ALWAYS_SEARCH_USER_PATHS = NO;
				CLANG_ANALYZER_NONNULL = YES;
				CLANG_ANALYZER_NUMBER_OBJECT_CONVERSION = YES_AGGRESSIVE;
				CLANG_CXX_LANGUAGE_STANDARD = "gnu++14";
				CLANG_CXX_LIBRARY = "libc++";
				CLANG_ENABLE_MODULES = YES;
				CLANG_ENABLE_OBJC_ARC = YES;
				CLANG_ENABLE_OBJC_WEAK = YES;
				CLANG_WARN_BLOCK_CAPTURE_AUTORELEASING = YES;
				CLANG_WARN_BOOL_CONVERSION = YES;
				CLANG_WARN_COMMA = YES;
				CLANG_WARN_CONSTANT_CONVERSION = YES;
				CLANG_WARN_DEPRECATED_OBJC_IMPLEMENTATIONS = YES;
				CLANG_WARN_DIRECT_OBJC_ISA_USAGE = YES_ERROR;
				CLANG_WARN_DOCUMENTATION_COMMENTS = YES;
				CLANG_WARN_EMPTY_BODY = YES;
				CLANG_WARN_ENUM_CONVERSION = YES;
				CLANG_WARN_INFINITE_RECURSION = YES;
				CLANG_WARN_INT_CONVERSION = YES;
				CLANG_WARN_NON_LITERAL_NULL_CONVERSION = YES;
				CLANG_WARN_OBJC_IMPLICIT_RETAIN_SELF = YES;
				CLANG_WARN_OBJC_LITERAL_CONVERSION = YES;
				CLANG_WARN_OBJC_ROOT_CLASS = YES_ERROR;
				CLANG_WARN_QUOTED_INCLUDE_IN_FRAMEWORK_HEADER = YES;
				CLANG_WARN_RANGE_LOOP_ANALYSIS = YES;
				CLANG_WARN_STRICT_PROTOTYPES = YES;
				CLANG_WARN_SUSPICIOUS_MOVE = YES;
				CLANG_WARN_UNGUARDED_AVAILABILITY = YES_AGGRESSIVE;
				CLANG_WARN_UNREACHABLE_CODE = YES;
				CLANG_WARN__DUPLICATE_METHOD_MATCH = YES;
				COPY_PHASE_STRIP = NO;
				DEBUG_INFORMATION_FORMAT = dwarf;
				ENABLE_STRICT_OBJC_MSGSEND = YES;
				ENABLE_TESTABILITY = YES;
				GCC_C_LANGUAGE_STANDARD = gnu11;
				GCC_DYNAMIC_NO_PIC = NO;
				GCC_NO_COMMON_BLOCKS = YES;
				GCC_OPTIMIZATION_LEVEL = 0;
				GCC_PREPROCESSOR_DEFINITIONS = (
					"DEBUG=1",
					"$(inherited)",
				);
				GCC_WARN_64_TO_32_BIT_CONVERSION = YES;
				GCC_WARN_ABOUT_RETURN_TYPE = YES_ERROR;
				GCC_WARN_UNDECLARED_SELECTOR = YES;
				GCC_WARN_UNINITIALIZED_AUTOS = YES_AGGRESSIVE;
				GCC_WARN_UNUSED_FUNCTION = YES;
				GCC_WARN_UNUSED_VARIABLE = YES;
				IPHONEOS_DEPLOYMENT_TARGET = 14.5;
				MTL_ENABLE_DEBUG_INFO = INCLUDE_SOURCE;
				MTL_FAST_MATH = YES;
				ONLY_ACTIVE_ARCH = YES;
				SDKROOT = iphoneos;
				SWIFT_ACTIVE_COMPILATION_CONDITIONS = DEBUG;
				SWIFT_OPTIMIZATION_LEVEL = "-Onone";
			};
			name = Debug;
		};
		BC5A5DF12684B1EE003BAC7C /* Release */ = {
			isa = XCBuildConfiguration;
			buildSettings = {
				ALWAYS_SEARCH_USER_PATHS = NO;
				CLANG_ANALYZER_NONNULL = YES;
				CLANG_ANALYZER_NUMBER_OBJECT_CONVERSION = YES_AGGRESSIVE;
				CLANG_CXX_LANGUAGE_STANDARD = "gnu++14";
				CLANG_CXX_LIBRARY = "libc++";
				CLANG_ENABLE_MODULES = YES;
				CLANG_ENABLE_OBJC_ARC = YES;
				CLANG_ENABLE_OBJC_WEAK = YES;
				CLANG_WARN_BLOCK_CAPTURE_AUTORELEASING = YES;
				CLANG_WARN_BOOL_CONVERSION = YES;
				CLANG_WARN_COMMA = YES;
				CLANG_WARN_CONSTANT_CONVERSION = YES;
				CLANG_WARN_DEPRECATED_OBJC_IMPLEMENTATIONS = YES;
				CLANG_WARN_DIRECT_OBJC_ISA_USAGE = YES_ERROR;
				CLANG_WARN_DOCUMENTATION_COMMENTS = YES;
				CLANG_WARN_EMPTY_BODY = YES;
				CLANG_WARN_ENUM_CONVERSION = YES;
				CLANG_WARN_INFINITE_RECURSION = YES;
				CLANG_WARN_INT_CONVERSION = YES;
				CLANG_WARN_NON_LITERAL_NULL_CONVERSION = YES;
				CLANG_WARN_OBJC_IMPLICIT_RETAIN_SELF = YES;
				CLANG_WARN_OBJC_LITERAL_CONVERSION = YES;
				CLANG_WARN_OBJC_ROOT_CLASS = YES_ERROR;
				CLANG_WARN_QUOTED_INCLUDE_IN_FRAMEWORK_HEADER = YES;
				CLANG_WARN_RANGE_LOOP_ANALYSIS = YES;
				CLANG_WARN_STRICT_PROTOTYPES = YES;
				CLANG_WARN_SUSPICIOUS_MOVE = YES;
				CLANG_WARN_UNGUARDED_AVAILABILITY = YES_AGGRESSIVE;
				CLANG_WARN_UNREACHABLE_CODE = YES;
				CLANG_WARN__DUPLICATE_METHOD_MATCH = YES;
				COPY_PHASE_STRIP = NO;
				DEBUG_INFORMATION_FORMAT = "dwarf-with-dsym";
				ENABLE_NS_ASSERTIONS = NO;
				ENABLE_STRICT_OBJC_MSGSEND = YES;
				GCC_C_LANGUAGE_STANDARD = gnu11;
				GCC_NO_COMMON_BLOCKS = YES;
				GCC_WARN_64_TO_32_BIT_CONVERSION = YES;
				GCC_WARN_ABOUT_RETURN_TYPE = YES_ERROR;
				GCC_WARN_UNDECLARED_SELECTOR = YES;
				GCC_WARN_UNINITIALIZED_AUTOS = YES_AGGRESSIVE;
				GCC_WARN_UNUSED_FUNCTION = YES;
				GCC_WARN_UNUSED_VARIABLE = YES;
				IPHONEOS_DEPLOYMENT_TARGET = 14.5;
				MTL_ENABLE_DEBUG_INFO = NO;
				MTL_FAST_MATH = YES;
				SDKROOT = iphoneos;
				SWIFT_COMPILATION_MODE = wholemodule;
				SWIFT_OPTIMIZATION_LEVEL = "-O";
				VALIDATE_PRODUCT = YES;
			};
			name = Release;
		};
		BC5A5DF32684B1EE003BAC7C /* Debug */ = {
			isa = XCBuildConfiguration;
			buildSettings = {
				ASSETCATALOG_COMPILER_APPICON_NAME = AppIcon;
				ASSETCATALOG_COMPILER_GLOBAL_ACCENT_COLOR_NAME = AccentColor;
				CODE_SIGN_STYLE = Automatic;
				DEVELOPMENT_ASSET_PATHS = "\"Samachar/Preview Content\"";
				DEVELOPMENT_TEAM = 7YU6AS9RTJ;
				ENABLE_PREVIEWS = YES;
				INFOPLIST_FILE = Samachar/Info.plist;
				IPHONEOS_DEPLOYMENT_TARGET = 14.0;
				LD_RUNPATH_SEARCH_PATHS = (
					"$(inherited)",
					"@executable_path/Frameworks",
				);
				PRODUCT_BUNDLE_IDENTIFIER = oriolab.Samachar;
				PRODUCT_NAME = "$(TARGET_NAME)";
				SWIFT_VERSION = 5.0;
				TARGETED_DEVICE_FAMILY = "1,2";
			};
			name = Debug;
		};
		BC5A5DF42684B1EE003BAC7C /* Release */ = {
			isa = XCBuildConfiguration;
			buildSettings = {
				ASSETCATALOG_COMPILER_APPICON_NAME = AppIcon;
				ASSETCATALOG_COMPILER_GLOBAL_ACCENT_COLOR_NAME = AccentColor;
				CODE_SIGN_STYLE = Automatic;
				DEVELOPMENT_ASSET_PATHS = "\"Samachar/Preview Content\"";
				DEVELOPMENT_TEAM = 7YU6AS9RTJ;
				ENABLE_PREVIEWS = YES;
				INFOPLIST_FILE = Samachar/Info.plist;
				IPHONEOS_DEPLOYMENT_TARGET = 14.0;
				LD_RUNPATH_SEARCH_PATHS = (
					"$(inherited)",
					"@executable_path/Frameworks",
				);
				PRODUCT_BUNDLE_IDENTIFIER = oriolab.Samachar;
				PRODUCT_NAME = "$(TARGET_NAME)";
				SWIFT_VERSION = 5.0;
				TARGETED_DEVICE_FAMILY = "1,2";
			};
			name = Release;
		};
/* End XCBuildConfiguration section */

/* Begin XCConfigurationList section */
		BC5A5DDE2684B1ED003BAC7C /* Build configuration list for PBXProject "Samachar" */ = {
			isa = XCConfigurationList;
			buildConfigurations = (
				BC5A5DF02684B1EE003BAC7C /* Debug */,
				BC5A5DF12684B1EE003BAC7C /* Release */,
			);
			defaultConfigurationIsVisible = 0;
			defaultConfigurationName = Release;
		};
		BC5A5DF22684B1EE003BAC7C /* Build configuration list for PBXNativeTarget "Samachar" */ = {
			isa = XCConfigurationList;
			buildConfigurations = (
				BC5A5DF32684B1EE003BAC7C /* Debug */,
				BC5A5DF42684B1EE003BAC7C /* Release */,
			);
			defaultConfigurationIsVisible = 0;
			defaultConfigurationName = Release;
		};
/* End XCConfigurationList section */

/* Begin XCRemoteSwiftPackageReference section */
		BC2C002E2684E53F0036A554 /* XCRemoteSwiftPackageReference "SDWebImageSwiftUI" */ = {
			isa = XCRemoteSwiftPackageReference;
			repositoryURL = "https://github.com/SDWebImage/SDWebImageSwiftUI";
			requirement = {
				kind = upToNextMajorVersion;
				minimumVersion = 2.0.2;
			};
		};
/* End XCRemoteSwiftPackageReference section */

/* Begin XCSwiftPackageProductDependency section */
		BC2C002F2684E53F0036A554 /* SDWebImageSwiftUI */ = {
			isa = XCSwiftPackageProductDependency;
			package = BC2C002E2684E53F0036A554 /* XCRemoteSwiftPackageReference "SDWebImageSwiftUI" */;
			productName = SDWebImageSwiftUI;
		};
/* End XCSwiftPackageProductDependency section */
	};
	rootObject = BC5A5DDB2684B1ED003BAC7C /* Project object */;
}
